
Microsoft Visual Studio Solution File, Format Version 12.00
# Visual Studio Version 16
VisualStudioVersion = 16.0.31105.61
MinimumVisualStudioVersion = 10.0.40219.1
Project("{FAE04EC0-301F-11D3-BF4B-00C04F79EFBC}") = "BootstrapandjQuery", "BootstrapandjQuery\BootstrapandjQuery.csproj", "{8229DB6F-E1E8-49F6-9B01-496AC4570544}"
EndProject
Global
	GlobalSection(SolutionConfigurationPlatforms) = preSolution
		Debug|Any CPU = Debug|Any CPU
		Release|Any CPU = Release|Any CPU
	EndGlobalSection
	GlobalSection(ProjectConfigurationPlatforms) = postSolution
		{8229DB6F-E1E8-49F6-9B01-496AC4570544}.Debug|Any CPU.ActiveCfg = Debug|Any CPU
		{8229DB6F-E1E8-49F6-9B01-496AC4570544}.Debug|Any CPU.Build.0 = Debug|Any CPU
		{8229DB6F-E1E8-49F6-9B01-496AC4570544}.Release|Any CPU.ActiveCfg = Release|Any CPU
		{8229DB6F-E1E8-49F6-9B01-496AC4570544}.Release|Any CPU.Build.0 = Release|Any CPU
	EndGlobalSection
	GlobalSection(SolutionProperties) = preSolution
		HideSolutionNode = FALSE
	EndGlobalSection
	GlobalSection(ExtensibilityGlobals) = postSolution
		SolutionGuid = {D40389B3-7650-428B-9023-F05436C5E384}
	EndGlobalSection
EndGlobal
